// !$*UTF8*$!
{
	archiveVersion = 1;
	classes = {
	};
	objectVersion = 55;
	objects = {

/* Begin PBXBuildFile section */
		3E9569FA276C628800793437 /* Redux_Tutorial_SwiftUIApp.swift in Sources */ = {isa = PBXBuildFile; fileRef = 3E9569F9276C628800793437 /* Redux_Tutorial_SwiftUIApp.swift */; };
		3E9569FC276C628800793437 /* ContentView.swift in Sources */ = {isa = PBXBuildFile; fileRef = 3E9569FB276C628800793437 /* ContentView.swift */; };
		3E9569FE276C628900793437 /* Assets.xcassets in Resources */ = {isa = PBXBuildFile; fileRef = 3E9569FD276C628900793437 /* Assets.xcassets */; };
		3E956A01276C628900793437 /* Preview Assets.xcassets in Resources */ = {isa = PBXBuildFile; fileRef = 3E956A00276C628900793437 /* Preview Assets.xcassets */; };
		3E956A08276C632700793437 /* DiceView.swift in Sources */ = {isa = PBXBuildFile; fileRef = 3E956A07276C632700793437 /* DiceView.swift */; };
		3E956A0A276C64B500793437 /* MyButtonStyle.swift in Sources */ = {isa = PBXBuildFile; fileRef = 3E956A09276C64B500793437 /* MyButtonStyle.swift */; };
		3E956A0C276C655300793437 /* AppState.swift in Sources */ = {isa = PBXBuildFile; fileRef = 3E956A0B276C655300793437 /* AppState.swift */; };
		3E956A0E276C65A100793437 /* AppAction.swift in Sources */ = {isa = PBXBuildFile; fileRef = 3E956A0D276C65A100793437 /* AppAction.swift */; };
		3E956A10276C65EF00793437 /* Reducer.swift in Sources */ = {isa = PBXBuildFile; fileRef = 3E956A0F276C65EF00793437 /* Reducer.swift */; };
		3E956A12276C679D00793437 /* AppStore.swift in Sources */ = {isa = PBXBuildFile; fileRef = 3E956A11276C679D00793437 /* AppStore.swift */; };
/* End PBXBuildFile section */

/* Begin PBXFileReference section */
		3E9569F6276C628800793437 /* Redux_Tutorial_SwiftUI.app */ = {isa = PBXFileReference; explicitFileType = wrapper.application; includeInIndex = 0; path = Redux_Tutorial_SwiftUI.app; sourceTree = BUILT_PRODUCTS_DIR; };
		3E9569F9276C628800793437 /* Redux_Tutorial_SwiftUIApp.swift */ = {isa = PBXFileReference; lastKnownFileType = sourcecode.swift; path = Redux_Tutorial_SwiftUIApp.swift; sourceTree = "<group>"; };
		3E9569FB276C628800793437 /* ContentView.swift */ = {isa = PBXFileReference; lastKnownFileType = sourcecode.swift; path = ContentView.swift; sourceTree = "<group>"; };
		3E9569FD276C628900793437 /* Assets.xcassets */ = {isa = PBXFileReference; lastKnownFileType = folder.assetcatalog; path = Assets.xcassets; sourceTree = "<group>"; };
		3E956A00276C628900793437 /* Preview Assets.xcassets */ = {isa = PBXFileReference; lastKnownFileType = folder.assetcatalog; path = "Preview Assets.xcassets"; sourceTree = "<group>"; };
		3E956A07276C632700793437 /* DiceView.swift */ = {isa = PBXFileReference; lastKnownFileType = sourcecode.swift; path = DiceView.swift; sourceTree = "<group>"; };
		3E956A09276C64B500793437 /* MyButtonStyle.swift */ = {isa = PBXFileReference; lastKnownFileType = sourcecode.swift; path = MyButtonStyle.swift; sourceTree = "<group>"; };
		3E956A0B276C655300793437 /* AppState.swift */ = {isa = PBXFileReference; lastKnownFileType = sourcecode.swift; path = AppState.swift; sourceTree = "<group>"; };
		3E956A0D276C65A100793437 /* AppAction.swift */ = {isa = PBXFileReference; lastKnownFileType = sourcecode.swift; path = AppAction.swift; sourceTree = "<group>"; };
		3E956A0F276C65EF00793437 /* Reducer.swift */ = {isa = PBXFileReference; lastKnownFileType = sourcecode.swift; path = Reducer.swift; sourceTree = "<group>"; };
		3E956A11276C679D00793437 /* AppStore.swift */ = {isa = PBXFileReference; lastKnownFileType = sourcecode.swift; path = AppStore.swift; sourceTree = "<group>"; };
/* End PBXFileReference section */

/* Begin PBXFrameworksBuildPhase section */
		3E9569F3276C628800793437 /* Frameworks */ = {
			isa = PBXFrameworksBuildPhase;
			buildActionMask = 2147483647;
			files = (
			);
			runOnlyForDeploymentPostprocessing = 0;
		};
/* End PBXFrameworksBuildPhase section */

/* Begin PBXGroup section */
		3E9569ED276C628800793437 = {
			isa = PBXGroup;
			children = (
				3E9569F8276C628800793437 /* Redux_Tutorial_SwiftUI */,
				3E9569F7276C628800793437 /* Products */,
			);
			sourceTree = "<group>";
		};
		3E9569F7276C628800793437 /* Products */ = {
			isa = PBXGroup;
			children = (
				3E9569F6276C628800793437 /* Redux_Tutorial_SwiftUI.app */,
			);
			name = Products;
			sourceTree = "<group>";
		};
		3E9569F8276C628800793437 /* Redux_Tutorial_SwiftUI */ = {
			isa = PBXGroup;
			children = (
				3E9569F9276C628800793437 /* Redux_Tutorial_SwiftUIApp.swift */,
				3E956A09276C64B500793437 /* MyButtonStyle.swift */,
				3E9569FB276C628800793437 /* ContentView.swift */,
				3E956A07276C632700793437 /* DiceView.swift */,
				3E956A0B276C655300793437 /* AppState.swift */,
				3E956A0D276C65A100793437 /* AppAction.swift */,
				3E956A0F276C65EF00793437 /* Reducer.swift */,
				3E956A11276C679D00793437 /* AppStore.swift */,
				3E9569FD276C628900793437 /* Assets.xcassets */,
				3E9569FF276C628900793437 /* Preview Content */,
			);
			path = Redux_Tutorial_SwiftUI;
			sourceTree = "<group>";
		};
		3E9569FF276C628900793437 /* Preview Content */ = {
			isa = PBXGroup;
			children = (
				3E956A00276C628900793437 /* Preview Assets.xcassets */,
			);
			path = "Preview Content";
			sourceTree = "<group>";
		};
/* End PBXGroup section */

/* Begin PBXNativeTarget section */
		3E9569F5276C628800793437 /* Redux_Tutorial_SwiftUI */ = {
			isa = PBXNativeTarget;
			buildConfigurationList = 3E956A04276C628900793437 /* Build configuration list for PBXNativeTarget "Redux_Tutorial_SwiftUI" */;
			buildPhases = (
				3E9569F2276C628800793437 /* Sources */,
				3E9569F3276C628800793437 /* Frameworks */,
				3E9569F4276C628800793437 /* Resources */,
			);
			buildRules = (
			);
			dependencies = (
			);
			name = Redux_Tutorial_SwiftUI;
			productName = Redux_Tutorial_SwiftUI;
			productReference = 3E9569F6276C628800793437 /* Redux_Tutorial_SwiftUI.app */;
			productType = "com.apple.product-type.application";
		};
/* End PBXNativeTarget section */

/* Begin PBXProject section */
		3E9569EE276C628800793437 /* Project object */ = {
			isa = PBXProject;
			attributes = {
				BuildIndependentTargetsInParallel = 1;
				LastSwiftUpdateCheck = 1320;
				LastUpgradeCheck = 1320;
				TargetAttributes = {
					3E9569F5276C628800793437 = {
						CreatedOnToolsVersion = 13.2;
					};
				};
			};
			buildConfigurationList = 3E9569F1276C628800793437 /* Build configuration list for PBXProject "Redux_Tutorial_SwiftUI" */;
			compatibilityVersion = "Xcode 13.0";
			developmentRegion = en;
			hasScannedForEncodings = 0;
			knownRegions = (
				en,
				Base,
			);
			mainGroup = 3E9569ED276C628800793437;
			productRefGroup = 3E9569F7276C628800793437 /* Products */;
			projectDirPath = "";
			projectRoot = "";
			targets = (
				3E9569F5276C628800793437 /* Redux_Tutorial_SwiftUI */,
			);
		};
/* End PBXProject section */

/* Begin PBXResourcesBuildPhase section */
		3E9569F4276C628800793437 /* Resources */ = {
			isa = PBXResourcesBuildPhase;
			buildActionMask = 2147483647;
			files = (
				3E956A01276C628900793437 /* Preview Assets.xcassets in Resources */,
				3E9569FE276C628900793437 /* Assets.xcassets in Resources */,
			);
			runOnlyForDeploymentPostprocessing = 0;
		};
/* End PBXResourcesBuildPhase section */

/* Begin PBXSourcesBuildPhase section */
		3E9569F2276C628800793437 /* Sources */ = {
			isa = PBXSourcesBuildPhase;
			buildActionMask = 2147483647;
			files = (
				3E9569FC276C628800793437 /* ContentView.swift in Sources */,
				3E956A0E276C65A100793437 /* AppAction.swift in Sources */,
				3E956A0C276C655300793437 /* AppState.swift in Sources */,
				3E956A0A276C64B500793437 /* MyButtonStyle.swift in Sources */,
				3E956A10276C65EF00793437 /* Reducer.swift in Sources */,
				3E956A08276C632700793437 /* DiceView.swift in Sources */,
				3E9569FA276C628800793437 /* Redux_Tutorial_SwiftUIApp.swift in Sources */,
				3E956A12276C679D00793437 /* AppStore.swift in Sources */,
			);
			runOnlyForDeploymentPostprocessing = 0;
		};
/* End PBXSourcesBuildPhase section */

/* Begin XCBuildConfiguration section */
		3E956A02276C628900793437 /* Debug */ = {
			isa = XCBuildConfiguration;
			buildSettings = {
				ALWAYS_SEARCH_USER_PATHS = NO;
				CLANG_ANALYZER_NONNULL = YES;
				CLANG_ANALYZER_NUMBER_OBJECT_CONVERSION = YES_AGGRESSIVE;
				CLANG_CXX_LANGUAGE_STANDARD = "gnu++17";
				CLANG_CXX_LIBRARY = "libc++";
				CLANG_ENABLE_MODULES = YES;
				CLANG_ENABLE_OBJC_ARC = YES;
				CLANG_ENABLE_OBJC_WEAK = YES;
				CLANG_WARN_BLOCK_CAPTURE_AUTORELEASING = YES;
				CLANG_WARN_BOOL_CONVERSION = YES;
				CLANG_WARN_COMMA = YES;
				CLANG_WARN_CONSTANT_CONVERSION = YES;
				CLANG_WARN_DEPRECATED_OBJC_IMPLEMENTATIONS = YES;
				CLANG_WARN_DIRECT_OBJC_ISA_USAGE = YES_ERROR;
				CLANG_WARN_DOCUMENTATION_COMMENTS = YES;
				CLANG_WARN_EMPTY_BODY = YES;
				CLANG_WARN_ENUM_CONVERSION = YES;
				CLANG_WARN_INFINITE_RECURSION = YES;
				CLANG_WARN_INT_CONVERSION = YES;
				CLANG_WARN_NON_LITERAL_NULL_CONVERSION = YES;
				CLANG_WARN_OBJC_IMPLICIT_RETAIN_SELF = YES;
				CLANG_WARN_OBJC_LITERAL_CONVERSION = YES;
				CLANG_WARN_OBJC_ROOT_CLASS = YES_ERROR;
				CLANG_WARN_QUOTED_INCLUDE_IN_FRAMEWORK_HEADER = YES;
				CLANG_WARN_RANGE_LOOP_ANALYSIS = YES;
				CLANG_WARN_STRICT_PROTOTYPES = YES;
				CLANG_WARN_SUSPICIOUS_MOVE = YES;
				CLANG_WARN_UNGUARDED_AVAILABILITY = YES_AGGRESSIVE;
				CLANG_WARN_UNREACHABLE_CODE = YES;
				CLANG_WARN__DUPLICATE_METHOD_MATCH = YES;
				COPY_PHASE_STRIP = NO;
				DEBUG_INFORMATION_FORMAT = dwarf;
				ENABLE_STRICT_OBJC_MSGSEND = YES;
				ENABLE_TESTABILITY = YES;
				GCC_C_LANGUAGE_STANDARD = gnu11;
				GCC_DYNAMIC_NO_PIC = NO;
				GCC_NO_COMMON_BLOCKS = YES;
				GCC_OPTIMIZATION_LEVEL = 0;
				GCC_PREPROCESSOR_DEFINITIONS = (
					"DEBUG=1",
					"$(inherited)",
				);
				GCC_WARN_64_TO_32_BIT_CONVERSION = YES;
				GCC_WARN_ABOUT_RETURN_TYPE = YES_ERROR;
				GCC_WARN_UNDECLARED_SELECTOR = YES;
				GCC_WARN_UNINITIALIZED_AUTOS = YES_AGGRESSIVE;
				GCC_WARN_UNUSED_FUNCTION = YES;
				GCC_WARN_UNUSED_VARIABLE = YES;
				IPHONEOS_DEPLOYMENT_TARGET = 15.2;
				MTL_ENABLE_DEBUG_INFO = INCLUDE_SOURCE;
				MTL_FAST_MATH = YES;
				ONLY_ACTIVE_ARCH = YES;
				SDKROOT = iphoneos;
				SWIFT_ACTIVE_COMPILATION_CONDITIONS = DEBUG;
				SWIFT_OPTIMIZATION_LEVEL = "-Onone";
			};
			name = Debug;
		};
		3E956A03276C628900793437 /* Release */ = {
			isa = XCBuildConfiguration;
			buildSettings = {
				ALWAYS_SEARCH_USER_PATHS = NO;
				CLANG_ANALYZER_NONNULL = YES;
				CLANG_ANALYZER_NUMBER_OBJECT_CONVERSION = YES_AGGRESSIVE;
				CLANG_CXX_LANGUAGE_STANDARD = "gnu++17";
				CLANG_CXX_LIBRARY = "libc++";
				CLANG_ENABLE_MODULES = YES;
				CLANG_ENABLE_OBJC_ARC = YES;
				CLANG_ENABLE_OBJC_WEAK = YES;
				CLANG_WARN_BLOCK_CAPTURE_AUTORELEASING = YES;
				CLANG_WARN_BOOL_CONVERSION = YES;
				CLANG_WARN_COMMA = YES;
				CLANG_WARN_CONSTANT_CONVERSION = YES;
				CLANG_WARN_DEPRECATED_OBJC_IMPLEMENTATIONS = YES;
				CLANG_WARN_DIRECT_OBJC_ISA_USAGE = YES_ERROR;
				CLANG_WARN_DOCUMENTATION_COMMENTS = YES;
				CLANG_WARN_EMPTY_BODY = YES;
				CLANG_WARN_ENUM_CONVERSION = YES;
				CLANG_WARN_INFINITE_RECURSION = YES;
				CLANG_WARN_INT_CONVERSION = YES;
				CLANG_WARN_NON_LITERAL_NULL_CONVERSION = YES;
				CLANG_WARN_OBJC_IMPLICIT_RETAIN_SELF = YES;
				CLANG_WARN_OBJC_LITERAL_CONVERSION = YES;
				CLANG_WARN_OBJC_ROOT_CLASS = YES_ERROR;
				CLANG_WARN_QUOTED_INCLUDE_IN_FRAMEWORK_HEADER = YES;
				CLANG_WARN_RANGE_LOOP_ANALYSIS = YES;
				CLANG_WARN_STRICT_PROTOTYPES = YES;
				CLANG_WARN_SUSPICIOUS_MOVE = YES;
				CLANG_WARN_UNGUARDED_AVAILABILITY = YES_AGGRESSIVE;
				CLANG_WARN_UNREACHABLE_CODE = YES;
				CLANG_WARN__DUPLICATE_METHOD_MATCH = YES;
				COPY_PHASE_STRIP = NO;
				DEBUG_INFORMATION_FORMAT = "dwarf-with-dsym";
				ENABLE_NS_ASSERTIONS = NO;
				ENABLE_STRICT_OBJC_MSGSEND = YES;
				GCC_C_LANGUAGE_STANDARD = gnu11;
				GCC_NO_COMMON_BLOCKS = YES;
				GCC_WARN_64_TO_32_BIT_CONVERSION = YES;
				GCC_WARN_ABOUT_RETURN_TYPE = YES_ERROR;
				GCC_WARN_UNDECLARED_SELECTOR = YES;
				GCC_WARN_UNINITIALIZED_AUTOS = YES_AGGRESSIVE;
				GCC_WARN_UNUSED_FUNCTION = YES;
				GCC_WARN_UNUSED_VARIABLE = YES;
				IPHONEOS_DEPLOYMENT_TARGET = 15.2;
				MTL_ENABLE_DEBUG_INFO = NO;
				MTL_FAST_MATH = YES;
				SDKROOT = iphoneos;
				SWIFT_COMPILATION_MODE = wholemodule;
				SWIFT_OPTIMIZATION_LEVEL = "-O";
				VALIDATE_PRODUCT = YES;
			};
			name = Release;
		};
		3E956A05276C628900793437 /* Debug */ = {
			isa = XCBuildConfiguration;
			buildSettings = {
				ASSETCATALOG_COMPILER_APPICON_NAME = AppIcon;
				ASSETCATALOG_COMPILER_GLOBAL_ACCENT_COLOR_NAME = AccentColor;
				CODE_SIGN_STYLE = Automatic;
				CURRENT_PROJECT_VERSION = 1;
				DEVELOPMENT_ASSET_PATHS = "\"Redux_Tutorial_SwiftUI/Preview Content\"";
				DEVELOPMENT_TEAM = BR8CN8N4Y6;
				ENABLE_PREVIEWS = YES;
				GENERATE_INFOPLIST_FILE = YES;
				INFOPLIST_KEY_UIApplicationSceneManifest_Generation = YES;
				INFOPLIST_KEY_UIApplicationSupportsIndirectInputEvents = YES;
				INFOPLIST_KEY_UILaunchScreen_Generation = YES;
				INFOPLIST_KEY_UISupportedInterfaceOrientations_iPad = "UIInterfaceOrientationPortrait UIInterfaceOrientationPortraitUpsideDown UIInterfaceOrientationLandscapeLeft UIInterfaceOrientationLandscapeRight";
				INFOPLIST_KEY_UISupportedInterfaceOrientations_iPhone = "UIInterfaceOrientationPortrait UIInterfaceOrientationLandscapeLeft UIInterfaceOrientationLandscapeRight";
				LD_RUNPATH_SEARCH_PATHS = (
					"$(inherited)",
					"@executable_path/Frameworks",
				);
				MARKETING_VERSION = 1.0;
				PRODUCT_BUNDLE_IDENTIFIER = "com.SeongMinK.Redux-Tutorial-SwiftUI";
				PRODUCT_NAME = "$(TARGET_NAME)";
				SWIFT_EMIT_LOC_STRINGS = YES;
				SWIFT_VERSION = 5.0;
				TARGETED_DEVICE_FAMILY = "1,2";
			};
			name = Debug;
		};
		3E956A06276C628900793437 /* Release */ = {
			isa = XCBuildConfiguration;
			buildSettings = {
				ASSETCATALOG_COMPILER_APPICON_NAME = AppIcon;
				ASSETCATALOG_COMPILER_GLOBAL_ACCENT_COLOR_NAME = AccentColor;
				CODE_SIGN_STYLE = Automatic;
				CURRENT_PROJECT_VERSION = 1;
				DEVELOPMENT_ASSET_PATHS = "\"Redux_Tutorial_SwiftUI/Preview Content\"";
				DEVELOPMENT_TEAM = BR8CN8N4Y6;
				ENABLE_PREVIEWS = YES;
				GENERATE_INFOPLIST_FILE = YES;
				INFOPLIST_KEY_UIApplicationSceneManifest_Generation = YES;
				INFOPLIST_KEY_UIApplicationSupportsIndirectInputEvents = YES;
				INFOPLIST_KEY_UILaunchScreen_Generation = YES;
				INFOPLIST_KEY_UISupportedInterfaceOrientations_iPad = "UIInterfaceOrientationPortrait UIInterfaceOrientationPortraitUpsideDown UIInterfaceOrientationLandscapeLeft UIInterfaceOrientationLandscapeRight";
				INFOPLIST_KEY_UISupportedInterfaceOrientations_iPhone = "UIInterfaceOrientationPortrait UIInterfaceOrientationLandscapeLeft UIInterfaceOrientationLandscapeRight";
				LD_RUNPATH_SEARCH_PATHS = (
					"$(inherited)",
					"@executable_path/Frameworks",
				);
				MARKETING_VERSION = 1.0;
				PRODUCT_BUNDLE_IDENTIFIER = "com.SeongMinK.Redux-Tutorial-SwiftUI";
				PRODUCT_NAME = "$(TARGET_NAME)";
				SWIFT_EMIT_LOC_STRINGS = YES;
				SWIFT_VERSION = 5.0;
				TARGETED_DEVICE_FAMILY = "1,2";
			};
			name = Release;
		};
/* End XCBuildConfiguration section */

/* Begin XCConfigurationList section */
		3E9569F1276C628800793437 /* Build configuration list for PBXProject "Redux_Tutorial_SwiftUI" */ = {
			isa = XCConfigurationList;
			buildConfigurations = (
				3E956A02276C628900793437 /* Debug */,
				3E956A03276C628900793437 /* Release */,
			);
			defaultConfigurationIsVisible = 0;
			defaultConfigurationName = Release;
		};
		3E956A04276C628900793437 /* Build configuration list for PBXNativeTarget "Redux_Tutorial_SwiftUI" */ = {
			isa = XCConfigurationList;
			buildConfigurations = (
				3E956A05276C628900793437 /* Debug */,
				3E956A06276C628900793437 /* Release */,
			);
			defaultConfigurationIsVisible = 0;
			defaultConfigurationName = Release;
		};
/* End XCConfigurationList section */
	};
	rootObject = 3E9569EE276C628800793437 /* Project object */;
}
